// !$*UTF8*$!
{
	archiveVersion = 1;
	classes = {
	};
	objectVersion = 50;
	objects = {

/* Begin PBXBuildFile section */
		FA9E3F602522292E003B0998 /* AppDelegate.swift in Sources */ = {isa = PBXBuildFile; fileRef = FA9E3F5F2522292E003B0998 /* AppDelegate.swift */; };
		FA9E3F622522292E003B0998 /* SceneDelegate.swift in Sources */ = {isa = PBXBuildFile; fileRef = FA9E3F612522292E003B0998 /* SceneDelegate.swift */; };
		FA9E3F642522292E003B0998 /* ViewController.swift in Sources */ = {isa = PBXBuildFile; fileRef = FA9E3F632522292E003B0998 /* ViewController.swift */; };
		FA9E3F672522292E003B0998 /* Main.storyboard in Resources */ = {isa = PBXBuildFile; fileRef = FA9E3F652522292E003B0998 /* Main.storyboard */; };
		FA9E3F692522292F003B0998 /* Assets.xcassets in Resources */ = {isa = PBXBuildFile; fileRef = FA9E3F682522292F003B0998 /* Assets.xcassets */; };
		FA9E3F6C2522292F003B0998 /* LaunchScreen.storyboard in Resources */ = {isa = PBXBuildFile; fileRef = FA9E3F6A2522292F003B0998 /* LaunchScreen.storyboard */; };
		FA9E3F7625222FB7003B0998 /* dataModel.swift in Sources */ = {isa = PBXBuildFile; fileRef = FA9E3F7525222FB7003B0998 /* dataModel.swift */; };
		FA9E3F792522327E003B0998 /* CustomTableViewCell.swift in Sources */ = {isa = PBXBuildFile; fileRef = FA9E3F782522327E003B0998 /* CustomTableViewCell.swift */; };
/* End PBXBuildFile section */

/* Begin PBXFileReference section */
		FA9E3F5C2522292E003B0998 /* ios-Codable.app */ = {isa = PBXFileReference; explicitFileType = wrapper.application; includeInIndex = 0; path = "ios-Codable.app"; sourceTree = BUILT_PRODUCTS_DIR; };
		FA9E3F5F2522292E003B0998 /* AppDelegate.swift */ = {isa = PBXFileReference; lastKnownFileType = sourcecode.swift; path = AppDelegate.swift; sourceTree = "<group>"; };
		FA9E3F612522292E003B0998 /* SceneDelegate.swift */ = {isa = PBXFileReference; lastKnownFileType = sourcecode.swift; path = SceneDelegate.swift; sourceTree = "<group>"; };
		FA9E3F632522292E003B0998 /* ViewController.swift */ = {isa = PBXFileReference; lastKnownFileType = sourcecode.swift; path = ViewController.swift; sourceTree = "<group>"; };
		FA9E3F662522292E003B0998 /* Base */ = {isa = PBXFileReference; lastKnownFileType = file.storyboard; name = Base; path = Base.lproj/Main.storyboard; sourceTree = "<group>"; };
		FA9E3F682522292F003B0998 /* Assets.xcassets */ = {isa = PBXFileReference; lastKnownFileType = folder.assetcatalog; path = Assets.xcassets; sourceTree = "<group>"; };
		FA9E3F6B2522292F003B0998 /* Base */ = {isa = PBXFileReference; lastKnownFileType = file.storyboard; name = Base; path = Base.lproj/LaunchScreen.storyboard; sourceTree = "<group>"; };
		FA9E3F6D2522292F003B0998 /* Info.plist */ = {isa = PBXFileReference; lastKnownFileType = text.plist.xml; path = Info.plist; sourceTree = "<group>"; };
		FA9E3F7525222FB7003B0998 /* dataModel.swift */ = {isa = PBXFileReference; lastKnownFileType = sourcecode.swift; path = dataModel.swift; sourceTree = "<group>"; };
		FA9E3F782522327E003B0998 /* CustomTableViewCell.swift */ = {isa = PBXFileReference; lastKnownFileType = sourcecode.swift; path = CustomTableViewCell.swift; sourceTree = "<group>"; };
/* End PBXFileReference section */

/* Begin PBXFrameworksBuildPhase section */
		FA9E3F592522292E003B0998 /* Frameworks */ = {
			isa = PBXFrameworksBuildPhase;
			buildActionMask = 2147483647;
			files = (
			);
			runOnlyForDeploymentPostprocessing = 0;
		};
/* End PBXFrameworksBuildPhase section */

/* Begin PBXGroup section */
		FA9E3F532522292E003B0998 = {
			isa = PBXGroup;
			children = (
				FA9E3F5E2522292E003B0998 /* ios-Codable */,
				FA9E3F5D2522292E003B0998 /* Products */,
			);
			sourceTree = "<group>";
		};
		FA9E3F5D2522292E003B0998 /* Products */ = {
			isa = PBXGroup;
			children = (
				FA9E3F5C2522292E003B0998 /* ios-Codable.app */,
			);
			name = Products;
			sourceTree = "<group>";
		};
		FA9E3F5E2522292E003B0998 /* ios-Codable */ = {
			isa = PBXGroup;
			children = (
				FA9E3F5F2522292E003B0998 /* AppDelegate.swift */,
				FA9E3F612522292E003B0998 /* SceneDelegate.swift */,
				FA9E3F632522292E003B0998 /* ViewController.swift */,
				FA9E3F782522327E003B0998 /* CustomTableViewCell.swift */,
				FA9E3F7525222FB7003B0998 /* dataModel.swift */,
				FA9E3F652522292E003B0998 /* Main.storyboard */,
				FA9E3F682522292F003B0998 /* Assets.xcassets */,
				FA9E3F6A2522292F003B0998 /* LaunchScreen.storyboard */,
				FA9E3F6D2522292F003B0998 /* Info.plist */,
			);
			path = "ios-Codable";
			sourceTree = "<group>";
		};
/* End PBXGroup section */

/* Begin PBXNativeTarget section */
		FA9E3F5B2522292E003B0998 /* ios-Codable */ = {
			isa = PBXNativeTarget;
			buildConfigurationList = FA9E3F702522292F003B0998 /* Build configuration list for PBXNativeTarget "ios-Codable" */;
			buildPhases = (
				FA9E3F582522292E003B0998 /* Sources */,
				FA9E3F592522292E003B0998 /* Frameworks */,
				FA9E3F5A2522292E003B0998 /* Resources */,
			);
			buildRules = (
			);
			dependencies = (
			);
			name = "ios-Codable";
			productName = "ios-Codable";
			productReference = FA9E3F5C2522292E003B0998 /* ios-Codable.app */;
			productType = "com.apple.product-type.application";
		};
/* End PBXNativeTarget section */

/* Begin PBXProject section */
		FA9E3F542522292E003B0998 /* Project object */ = {
			isa = PBXProject;
			attributes = {
				LastSwiftUpdateCheck = 1200;
				LastUpgradeCheck = 1200;
				TargetAttributes = {
					FA9E3F5B2522292E003B0998 = {
						CreatedOnToolsVersion = 12.0.1;
					};
				};
			};
			buildConfigurationList = FA9E3F572522292E003B0998 /* Build configuration list for PBXProject "ios-Codable" */;
			compatibilityVersion = "Xcode 9.3";
			developmentRegion = en;
			hasScannedForEncodings = 0;
			knownRegions = (
				en,
				Base,
			);
			mainGroup = FA9E3F532522292E003B0998;
			productRefGroup = FA9E3F5D2522292E003B0998 /* Products */;
			projectDirPath = "";
			projectRoot = "";
			targets = (
				FA9E3F5B2522292E003B0998 /* ios-Codable */,
			);
		};
/* End PBXProject section */

/* Begin PBXResourcesBuildPhase section */
		FA9E3F5A2522292E003B0998 /* Resources */ = {
			isa = PBXResourcesBuildPhase;
			buildActionMask = 2147483647;
			files = (
				FA9E3F6C2522292F003B0998 /* LaunchScreen.storyboard in Resources */,
				FA9E3F692522292F003B0998 /* Assets.xcassets in Resources */,
				FA9E3F672522292E003B0998 /* Main.storyboard in Resources */,
			);
			runOnlyForDeploymentPostprocessing = 0;
		};
/* End PBXResourcesBuildPhase section */

/* Begin PBXSourcesBuildPhase section */
		FA9E3F582522292E003B0998 /* Sources */ = {
			isa = PBXSourcesBuildPhase;
			buildActionMask = 2147483647;
			files = (
				FA9E3F642522292E003B0998 /* ViewController.swift in Sources */,
				FA9E3F792522327E003B0998 /* CustomTableViewCell.swift in Sources */,
				FA9E3F7625222FB7003B0998 /* dataModel.swift in Sources */,
				FA9E3F602522292E003B0998 /* AppDelegate.swift in Sources */,
				FA9E3F622522292E003B0998 /* SceneDelegate.swift in Sources */,
			);
			runOnlyForDeploymentPostprocessing = 0;
		};
/* End PBXSourcesBuildPhase section */

/* Begin PBXVariantGroup section */
		FA9E3F652522292E003B0998 /* Main.storyboard */ = {
			isa = PBXVariantGroup;
			children = (
				FA9E3F662522292E003B0998 /* Base */,
			);
			name = Main.storyboard;
			sourceTree = "<group>";
		};
		FA9E3F6A2522292F003B0998 /* LaunchScreen.storyboard */ = {
			isa = PBXVariantGroup;
			children = (
				FA9E3F6B2522292F003B0998 /* Base */,
			);
			name = LaunchScreen.storyboard;
			sourceTree = "<group>";
		};
/* End PBXVariantGroup section */

/* Begin XCBuildConfiguration section */
		FA9E3F6E2522292F003B0998 /* Debug */ = {
			isa = XCBuildConfiguration;
			buildSettings = {
				ALWAYS_SEARCH_USER_PATHS = NO;
				CLANG_ANALYZER_NONNULL = YES;
				CLANG_ANALYZER_NUMBER_OBJECT_CONVERSION = YES_AGGRESSIVE;
				CLANG_CXX_LANGUAGE_STANDARD = "gnu++14";
				CLANG_CXX_LIBRARY = "libc++";
				CLANG_ENABLE_MODULES = YES;
				CLANG_ENABLE_OBJC_ARC = YES;
				CLANG_ENABLE_OBJC_WEAK = YES;
				CLANG_WARN_BLOCK_CAPTURE_AUTORELEASING = YES;
				CLANG_WARN_BOOL_CONVERSION = YES;
				CLANG_WARN_COMMA = YES;
				CLANG_WARN_CONSTANT_CONVERSION = YES;
				CLANG_WARN_DEPRECATED_OBJC_IMPLEMENTATIONS = YES;
				CLANG_WARN_DIRECT_OBJC_ISA_USAGE = YES_ERROR;
				CLANG_WARN_DOCUMENTATION_COMMENTS = YES;
				CLANG_WARN_EMPTY_BODY = YES;
				CLANG_WARN_ENUM_CONVERSION = YES;
				CLANG_WARN_INFINITE_RECURSION = YES;
				CLANG_WARN_INT_CONVERSION = YES;
				CLANG_WARN_NON_LITERAL_NULL_CONVERSION = YES;
				CLANG_WARN_OBJC_IMPLICIT_RETAIN_SELF = YES;
				CLANG_WARN_OBJC_LITERAL_CONVERSION = YES;
				CLANG_WARN_OBJC_ROOT_CLASS = YES_ERROR;
				CLANG_WARN_QUOTED_INCLUDE_IN_FRAMEWORK_HEADER = YES;
				CLANG_WARN_RANGE_LOOP_ANALYSIS = YES;
				CLANG_WARN_STRICT_PROTOTYPES = YES;
				CLANG_WARN_SUSPICIOUS_MOVE = YES;
				CLANG_WARN_UNGUARDED_AVAILABILITY = YES_AGGRESSIVE;
				CLANG_WARN_UNREACHABLE_CODE = YES;
				CLANG_WARN__DUPLICATE_METHOD_MATCH = YES;
				COPY_PHASE_STRIP = NO;
				DEBUG_INFORMATION_FORMAT = dwarf;
				ENABLE_STRICT_OBJC_MSGSEND = YES;
				ENABLE_TESTABILITY = YES;
				GCC_C_LANGUAGE_STANDARD = gnu11;
				GCC_DYNAMIC_NO_PIC = NO;
				GCC_NO_COMMON_BLOCKS = YES;
				GCC_OPTIMIZATION_LEVEL = 0;
				GCC_PREPROCESSOR_DEFINITIONS = (
					"DEBUG=1",
					"$(inherited)",
				);
				GCC_WARN_64_TO_32_BIT_CONVERSION = YES;
				GCC_WARN_ABOUT_RETURN_TYPE = YES_ERROR;
				GCC_WARN_UNDECLARED_SELECTOR = YES;
				GCC_WARN_UNINITIALIZED_AUTOS = YES_AGGRESSIVE;
				GCC_WARN_UNUSED_FUNCTION = YES;
				GCC_WARN_UNUSED_VARIABLE = YES;
				IPHONEOS_DEPLOYMENT_TARGET = 14.0;
				MTL_ENABLE_DEBUG_INFO = INCLUDE_SOURCE;
				MTL_FAST_MATH = YES;
				ONLY_ACTIVE_ARCH = YES;
				SDKROOT = iphoneos;
				SWIFT_ACTIVE_COMPILATION_CONDITIONS = DEBUG;
				SWIFT_OPTIMIZATION_LEVEL = "-Onone";
			};
			name = Debug;
		};
		FA9E3F6F2522292F003B0998 /* Release */ = {
			isa = XCBuildConfiguration;
			buildSettings = {
				ALWAYS_SEARCH_USER_PATHS = NO;
				CLANG_ANALYZER_NONNULL = YES;
				CLANG_ANALYZER_NUMBER_OBJECT_CONVERSION = YES_AGGRESSIVE;
				CLANG_CXX_LANGUAGE_STANDARD = "gnu++14";
				CLANG_CXX_LIBRARY = "libc++";
				CLANG_ENABLE_MODULES = YES;
				CLANG_ENABLE_OBJC_ARC = YES;
				CLANG_ENABLE_OBJC_WEAK = YES;
				CLANG_WARN_BLOCK_CAPTURE_AUTORELEASING = YES;
				CLANG_WARN_BOOL_CONVERSION = YES;
				CLANG_WARN_COMMA = YES;
				CLANG_WARN_CONSTANT_CONVERSION = YES;
				CLANG_WARN_DEPRECATED_OBJC_IMPLEMENTATIONS = YES;
				CLANG_WARN_DIRECT_OBJC_ISA_USAGE = YES_ERROR;
				CLANG_WARN_DOCUMENTATION_COMMENTS = YES;
				CLANG_WARN_EMPTY_BODY = YES;
				CLANG_WARN_ENUM_CONVERSION = YES;
				CLANG_WARN_INFINITE_RECURSION = YES;
				CLANG_WARN_INT_CONVERSION = YES;
				CLANG_WARN_NON_LITERAL_NULL_CONVERSION = YES;
				CLANG_WARN_OBJC_IMPLICIT_RETAIN_SELF = YES;
				CLANG_WARN_OBJC_LITERAL_CONVERSION = YES;
				CLANG_WARN_OBJC_ROOT_CLASS = YES_ERROR;
				CLANG_WARN_QUOTED_INCLUDE_IN_FRAMEWORK_HEADER = YES;
				CLANG_WARN_RANGE_LOOP_ANALYSIS = YES;
				CLANG_WARN_STRICT_PROTOTYPES = YES;
				CLANG_WARN_SUSPICIOUS_MOVE = YES;
				CLANG_WARN_UNGUARDED_AVAILABILITY = YES_AGGRESSIVE;
				CLANG_WARN_UNREACHABLE_CODE = YES;
				CLANG_WARN__DUPLICATE_METHOD_MATCH = YES;
				COPY_PHASE_STRIP = NO;
				DEBUG_INFORMATION_FORMAT = "dwarf-with-dsym";
				ENABLE_NS_ASSERTIONS = NO;
				ENABLE_STRICT_OBJC_MSGSEND = YES;
				GCC_C_LANGUAGE_STANDARD = gnu11;
				GCC_NO_COMMON_BLOCKS = YES;
				GCC_WARN_64_TO_32_BIT_CONVERSION = YES;
				GCC_WARN_ABOUT_RETURN_TYPE = YES_ERROR;
				GCC_WARN_UNDECLARED_SELECTOR = YES;
				GCC_WARN_UNINITIALIZED_AUTOS = YES_AGGRESSIVE;
				GCC_WARN_UNUSED_FUNCTION = YES;
				GCC_WARN_UNUSED_VARIABLE = YES;
				IPHONEOS_DEPLOYMENT_TARGET = 14.0;
				MTL_ENABLE_DEBUG_INFO = NO;
				MTL_FAST_MATH = YES;
				SDKROOT = iphoneos;
				SWIFT_COMPILATION_MODE = wholemodule;
				SWIFT_OPTIMIZATION_LEVEL = "-O";
				VALIDATE_PRODUCT = YES;
			};
			name = Release;
		};
		FA9E3F712522292F003B0998 /* Debug */ = {
			isa = XCBuildConfiguration;
			buildSettings = {
				ASSETCATALOG_COMPILER_APPICON_NAME = AppIcon;
				ASSETCATALOG_COMPILER_GLOBAL_ACCENT_COLOR_NAME = AccentColor;
				CODE_SIGN_STYLE = Automatic;
				INFOPLIST_FILE = "ios-Codable/Info.plist";
				LD_RUNPATH_SEARCH_PATHS = (
					"$(inherited)",
					"@executable_path/Frameworks",
				);
				PRODUCT_BUNDLE_IDENTIFIER = "ichi1717zawa.com.github.ios-Codable";
				PRODUCT_NAME = "$(TARGET_NAME)";
				SWIFT_VERSION = 5.0;
				TARGETED_DEVICE_FAMILY = "1,2";
			};
			name = Debug;
		};
		FA9E3F722522292F003B0998 /* Release */ = {
			isa = XCBuildConfiguration;
			buildSettings = {
				ASSETCATALOG_COMPILER_APPICON_NAME = AppIcon;
				ASSETCATALOG_COMPILER_GLOBAL_ACCENT_COLOR_NAME = AccentColor;
				CODE_SIGN_STYLE = Automatic;
				INFOPLIST_FILE = "ios-Codable/Info.plist";
				LD_RUNPATH_SEARCH_PATHS = (
					"$(inherited)",
					"@executable_path/Frameworks",
				);
				PRODUCT_BUNDLE_IDENTIFIER = "ichi1717zawa.com.github.ios-Codable";
				PRODUCT_NAME = "$(TARGET_NAME)";
				SWIFT_VERSION = 5.0;
				TARGETED_DEVICE_FAMILY = "1,2";
			};
			name = Release;
		};
/* End XCBuildConfiguration section */

/* Begin XCConfigurationList section */
		FA9E3F572522292E003B0998 /* Build configuration list for PBXProject "ios-Codable" */ = {
			isa = XCConfigurationList;
			buildConfigurations = (
				FA9E3F6E2522292F003B0998 /* Debug */,
				FA9E3F6F2522292F003B0998 /* Release */,
			);
			defaultConfigurationIsVisible = 0;
			defaultConfigurationName = Release;
		};
		FA9E3F702522292F003B0998 /* Build configuration list for PBXNativeTarget "ios-Codable" */ = {
			isa = XCConfigurationList;
			buildConfigurations = (
				FA9E3F712522292F003B0998 /* Debug */,
				FA9E3F722522292F003B0998 /* Release */,
			);
			defaultConfigurationIsVisible = 0;
			defaultConfigurationName = Release;
		};
/* End XCConfigurationList section */
	};
	rootObject = FA9E3F542522292E003B0998 /* Project object */;
}
